
Microsoft Visual Studio Solution File, Format Version 12.00
# Visual Studio 15
VisualStudioVersion = 15.0.28307.329
MinimumVisualStudioVersion = 10.0.40219.1
Project("{FAE04EC0-301F-11D3-BF4B-00C04F79EFBC}") = "SolidsVR", "SolidsVR\SolidsVR.csproj", "{1007B95E-D380-4E67-A6EC-4DFD6AE38A87}"
EndProject
Global
	GlobalSection(SolutionConfigurationPlatforms) = preSolution
		Debug|Any CPU = Debug|Any CPU
		Release|Any CPU = Release|Any CPU
	EndGlobalSection
	GlobalSection(ProjectConfigurationPlatforms) = postSolution
		{1007B95E-D380-4E67-A6EC-4DFD6AE38A87}.Debug|Any CPU.ActiveCfg = Debug|Any CPU
		{1007B95E-D380-4E67-A6EC-4DFD6AE38A87}.Debug|Any CPU.Build.0 = Debug|Any CPU
		{1007B95E-D380-4E67-A6EC-4DFD6AE38A87}.Release|Any CPU.ActiveCfg = Release|Any CPU
		{1007B95E-D380-4E67-A6EC-4DFD6AE38A87}.Release|Any CPU.Build.0 = Release|Any CPU
	EndGlobalSection
	GlobalSection(SolutionProperties) = preSolution
		HideSolutionNode = FALSE
	EndGlobalSection
	GlobalSection(ExtensibilityGlobals) = postSolution
		SolutionGuid = {193AF1CF-0070-40A0-AB7E-BE09262F529E}
	EndGlobalSection
EndGlobal
