
Microsoft Visual Studio Solution File, Format Version 12.00
# Visual Studio 15
VisualStudioVersion = 15.0.28307.329
MinimumVisualStudioVersion = 10.0.40219.1
Project("{FAE04EC0-301F-11D3-BF4B-00C04F79EFBC}") = "FEbrep", "FEbrep\FEbrep.csproj", "{87C31625-0CBD-46BB-8311-556E69A5150F}"
EndProject
Global
	GlobalSection(SolutionConfigurationPlatforms) = preSolution
		Debug|Any CPU = Debug|Any CPU
		Release|Any CPU = Release|Any CPU
	EndGlobalSection
	GlobalSection(ProjectConfigurationPlatforms) = postSolution
		{87C31625-0CBD-46BB-8311-556E69A5150F}.Debug|Any CPU.ActiveCfg = Debug|Any CPU
		{87C31625-0CBD-46BB-8311-556E69A5150F}.Debug|Any CPU.Build.0 = Debug|Any CPU
		{87C31625-0CBD-46BB-8311-556E69A5150F}.Release|Any CPU.ActiveCfg = Release|Any CPU
		{87C31625-0CBD-46BB-8311-556E69A5150F}.Release|Any CPU.Build.0 = Release|Any CPU
	EndGlobalSection
	GlobalSection(SolutionProperties) = preSolution
		HideSolutionNode = FALSE
	EndGlobalSection
	GlobalSection(ExtensibilityGlobals) = postSolution
		SolutionGuid = {B28FF1FB-6C37-4109-84B3-B75D31706139}
	EndGlobalSection
EndGlobal
