
Microsoft Visual Studio Solution File, Format Version 12.00
# Visual Studio 15
VisualStudioVersion = 15.0.28307.489
MinimumVisualStudioVersion = 10.0.40219.1
Project("{FAE04EC0-301F-11D3-BF4B-00C04F79EFBC}") = "LoadSlider", "LoadSlider\LoadSlider.csproj", "{699B284C-1233-498F-BB2E-E104B503C7B3}"
EndProject
Global
	GlobalSection(SolutionConfigurationPlatforms) = preSolution
		Debug|Any CPU = Debug|Any CPU
		Release|Any CPU = Release|Any CPU
	EndGlobalSection
	GlobalSection(ProjectConfigurationPlatforms) = postSolution
		{699B284C-1233-498F-BB2E-E104B503C7B3}.Debug|Any CPU.ActiveCfg = Debug|Any CPU
		{699B284C-1233-498F-BB2E-E104B503C7B3}.Debug|Any CPU.Build.0 = Debug|Any CPU
		{699B284C-1233-498F-BB2E-E104B503C7B3}.Release|Any CPU.ActiveCfg = Release|Any CPU
		{699B284C-1233-498F-BB2E-E104B503C7B3}.Release|Any CPU.Build.0 = Release|Any CPU
	EndGlobalSection
	GlobalSection(SolutionProperties) = preSolution
		HideSolutionNode = FALSE
	EndGlobalSection
	GlobalSection(ExtensibilityGlobals) = postSolution
		SolutionGuid = {7DA3601D-B1DB-4986-AC93-449046F50C8C}
	EndGlobalSection
EndGlobal
