
Microsoft Visual Studio Solution File, Format Version 12.00
# Visual Studio 15
VisualStudioVersion = 15.0.28307.421
MinimumVisualStudioVersion = 10.0.40219.1
Project("{FAE04EC0-301F-11D3-BF4B-00C04F79EFBC}") = "MeshBrep", "MeshBrep\MeshBrep.csproj", "{D31D9699-8534-41B8-9CC4-3AF3B08C1BFC}"
EndProject
Global
	GlobalSection(SolutionConfigurationPlatforms) = preSolution
		Debug|Any CPU = Debug|Any CPU
		Release|Any CPU = Release|Any CPU
	EndGlobalSection
	GlobalSection(ProjectConfigurationPlatforms) = postSolution
		{D31D9699-8534-41B8-9CC4-3AF3B08C1BFC}.Debug|Any CPU.ActiveCfg = Debug|Any CPU
		{D31D9699-8534-41B8-9CC4-3AF3B08C1BFC}.Debug|Any CPU.Build.0 = Debug|Any CPU
		{D31D9699-8534-41B8-9CC4-3AF3B08C1BFC}.Release|Any CPU.ActiveCfg = Release|Any CPU
		{D31D9699-8534-41B8-9CC4-3AF3B08C1BFC}.Release|Any CPU.Build.0 = Release|Any CPU
	EndGlobalSection
	GlobalSection(SolutionProperties) = preSolution
		HideSolutionNode = FALSE
	EndGlobalSection
	GlobalSection(ExtensibilityGlobals) = postSolution
		SolutionGuid = {8FF7749F-891D-44A6-8BB8-5C972CC9C9ED}
	EndGlobalSection
EndGlobal
