
Microsoft Visual Studio Solution File, Format Version 12.00
# Visual Studio 15
VisualStudioVersion = 15.0.28307.421
MinimumVisualStudioVersion = 10.0.40219.1
Project("{FAE04EC0-301F-11D3-BF4B-00C04F79EFBC}") = "FEMeshedBrep", "FEMeshedBrep\FEMeshedBrep.csproj", "{F1FA369A-F518-4F50-8F16-C596382B32FF}"
EndProject
Global
	GlobalSection(SolutionConfigurationPlatforms) = preSolution
		Debug|Any CPU = Debug|Any CPU
		Release|Any CPU = Release|Any CPU
	EndGlobalSection
	GlobalSection(ProjectConfigurationPlatforms) = postSolution
		{F1FA369A-F518-4F50-8F16-C596382B32FF}.Debug|Any CPU.ActiveCfg = Debug|Any CPU
		{F1FA369A-F518-4F50-8F16-C596382B32FF}.Debug|Any CPU.Build.0 = Debug|Any CPU
		{F1FA369A-F518-4F50-8F16-C596382B32FF}.Release|Any CPU.ActiveCfg = Release|Any CPU
		{F1FA369A-F518-4F50-8F16-C596382B32FF}.Release|Any CPU.Build.0 = Release|Any CPU
	EndGlobalSection
	GlobalSection(SolutionProperties) = preSolution
		HideSolutionNode = FALSE
	EndGlobalSection
	GlobalSection(ExtensibilityGlobals) = postSolution
		SolutionGuid = {61C817C1-A704-4C2E-84E6-BDA2B09C1CEE}
	EndGlobalSection
EndGlobal
