
Microsoft Visual Studio Solution File, Format Version 12.00
# Visual Studio 15
VisualStudioVersion = 15.0.28307.489
MinimumVisualStudioVersion = 10.0.40219.1
Project("{FAE04EC0-301F-11D3-BF4B-00C04F79EFBC}") = "DefSlider", "DefSlider\DefSlider.csproj", "{2B6752B6-8303-4D1B-8100-829FB5EBEA58}"
EndProject
Global
	GlobalSection(SolutionConfigurationPlatforms) = preSolution
		Debug|Any CPU = Debug|Any CPU
		Release|Any CPU = Release|Any CPU
	EndGlobalSection
	GlobalSection(ProjectConfigurationPlatforms) = postSolution
		{2B6752B6-8303-4D1B-8100-829FB5EBEA58}.Debug|Any CPU.ActiveCfg = Debug|Any CPU
		{2B6752B6-8303-4D1B-8100-829FB5EBEA58}.Debug|Any CPU.Build.0 = Debug|Any CPU
		{2B6752B6-8303-4D1B-8100-829FB5EBEA58}.Release|Any CPU.ActiveCfg = Release|Any CPU
		{2B6752B6-8303-4D1B-8100-829FB5EBEA58}.Release|Any CPU.Build.0 = Release|Any CPU
	EndGlobalSection
	GlobalSection(SolutionProperties) = preSolution
		HideSolutionNode = FALSE
	EndGlobalSection
	GlobalSection(ExtensibilityGlobals) = postSolution
		SolutionGuid = {1D9B09F9-2B10-490F-85AD-92714B8528B4}
	EndGlobalSection
EndGlobal
