
Microsoft Visual Studio Solution File, Format Version 12.00
# Visual Studio 15
VisualStudioVersion = 15.0.28307.489
MinimumVisualStudioVersion = 10.0.40219.1
Project("{FAE04EC0-301F-11D3-BF4B-00C04F79EFBC}") = "PartitionSlider", "PartitionSlider\PartitionSlider.csproj", "{4ED5F2F3-31F9-4029-A2C6-BF3174F4FA2E}"
EndProject
Global
	GlobalSection(SolutionConfigurationPlatforms) = preSolution
		Debug|Any CPU = Debug|Any CPU
		Release|Any CPU = Release|Any CPU
	EndGlobalSection
	GlobalSection(ProjectConfigurationPlatforms) = postSolution
		{4ED5F2F3-31F9-4029-A2C6-BF3174F4FA2E}.Debug|Any CPU.ActiveCfg = Debug|Any CPU
		{4ED5F2F3-31F9-4029-A2C6-BF3174F4FA2E}.Debug|Any CPU.Build.0 = Debug|Any CPU
		{4ED5F2F3-31F9-4029-A2C6-BF3174F4FA2E}.Release|Any CPU.ActiveCfg = Release|Any CPU
		{4ED5F2F3-31F9-4029-A2C6-BF3174F4FA2E}.Release|Any CPU.Build.0 = Release|Any CPU
	EndGlobalSection
	GlobalSection(SolutionProperties) = preSolution
		HideSolutionNode = FALSE
	EndGlobalSection
	GlobalSection(ExtensibilityGlobals) = postSolution
		SolutionGuid = {4E9A0ADF-FB9E-40FE-B9D6-D8FB7A801ED3}
	EndGlobalSection
EndGlobal
