
Microsoft Visual Studio Solution File, Format Version 12.00
# Visual Studio 15
VisualStudioVersion = 15.0.28307.421
MinimumVisualStudioVersion = 10.0.40219.1
Project("{FAE04EC0-301F-11D3-BF4B-00C04F79EFBC}") = "testSpiral", "testSpiral\testSpiral.csproj", "{851CD58C-4B00-4C4C-8A85-0A491CE06E5B}"
EndProject
Global
	GlobalSection(SolutionConfigurationPlatforms) = preSolution
		Debug|Any CPU = Debug|Any CPU
		Release|Any CPU = Release|Any CPU
	EndGlobalSection
	GlobalSection(ProjectConfigurationPlatforms) = postSolution
		{851CD58C-4B00-4C4C-8A85-0A491CE06E5B}.Debug|Any CPU.ActiveCfg = Debug|Any CPU
		{851CD58C-4B00-4C4C-8A85-0A491CE06E5B}.Debug|Any CPU.Build.0 = Debug|Any CPU
		{851CD58C-4B00-4C4C-8A85-0A491CE06E5B}.Release|Any CPU.ActiveCfg = Release|Any CPU
		{851CD58C-4B00-4C4C-8A85-0A491CE06E5B}.Release|Any CPU.Build.0 = Release|Any CPU
	EndGlobalSection
	GlobalSection(SolutionProperties) = preSolution
		HideSolutionNode = FALSE
	EndGlobalSection
	GlobalSection(ExtensibilityGlobals) = postSolution
		SolutionGuid = {68544944-39DC-47B4-A23A-CC8D96632546}
	EndGlobalSection
EndGlobal
