
Microsoft Visual Studio Solution File, Format Version 12.00
# Visual Studio 15
VisualStudioVersion = 15.0.28307.329
MinimumVisualStudioVersion = 10.0.40219.1
Project("{FAE04EC0-301F-11D3-BF4B-00C04F79EFBC}") = "SetBC", "SetBC\SetBC.csproj", "{5EA05054-DAD8-4A2E-8F0A-A4E8DFF87504}"
EndProject
Global
	GlobalSection(SolutionConfigurationPlatforms) = preSolution
		Debug|Any CPU = Debug|Any CPU
		Release|Any CPU = Release|Any CPU
	EndGlobalSection
	GlobalSection(ProjectConfigurationPlatforms) = postSolution
		{5EA05054-DAD8-4A2E-8F0A-A4E8DFF87504}.Debug|Any CPU.ActiveCfg = Debug|Any CPU
		{5EA05054-DAD8-4A2E-8F0A-A4E8DFF87504}.Debug|Any CPU.Build.0 = Debug|Any CPU
		{5EA05054-DAD8-4A2E-8F0A-A4E8DFF87504}.Release|Any CPU.ActiveCfg = Release|Any CPU
		{5EA05054-DAD8-4A2E-8F0A-A4E8DFF87504}.Release|Any CPU.Build.0 = Release|Any CPU
	EndGlobalSection
	GlobalSection(SolutionProperties) = preSolution
		HideSolutionNode = FALSE
	EndGlobalSection
	GlobalSection(ExtensibilityGlobals) = postSolution
		SolutionGuid = {49A1153A-CF0A-4371-BF85-F2B67C2726F1}
	EndGlobalSection
EndGlobal
